
Microsoft Visual Studio Solution File, Format Version 12.00
# Visual Studio Version 17
VisualStudioVersion = 17.0.31903.59
MinimumVisualStudioVersion = 10.0.40219.1
Project("{FAE04EC0-301F-11D3-BF4B-00C04F79EFBC}") = "SqlSample", "SqlSample\SqlSample.csproj", "{18DD87E6-4881-466F-997D-CC3D6474F49A}"
EndProject
Project("{FAE04EC0-301F-11D3-BF4B-00C04F79EFBC}") = "SqlSampleConsole", "SqlSampleConsole\SqlSampleConsole.csproj", "{4B1D18E0-C8AF-4C2D-B07D-1EF2AFC4BF8D}"
EndProject
Global
	GlobalSection(SolutionConfigurationPlatforms) = preSolution
		Debug|Any CPU = Debug|Any CPU
		Release|Any CPU = Release|Any CPU
	EndGlobalSection
	GlobalSection(ProjectConfigurationPlatforms) = postSolution
		{18DD87E6-4881-466F-997D-CC3D6474F49A}.Debug|Any CPU.ActiveCfg = Debug|Any CPU
		{18DD87E6-4881-466F-997D-CC3D6474F49A}.Debug|Any CPU.Build.0 = Debug|Any CPU
		{18DD87E6-4881-466F-997D-CC3D6474F49A}.Release|Any CPU.ActiveCfg = Release|Any CPU
		{18DD87E6-4881-466F-997D-CC3D6474F49A}.Release|Any CPU.Build.0 = Release|Any CPU
		{4B1D18E0-C8AF-4C2D-B07D-1EF2AFC4BF8D}.Debug|Any CPU.ActiveCfg = Debug|Any CPU
		{4B1D18E0-C8AF-4C2D-B07D-1EF2AFC4BF8D}.Debug|Any CPU.Build.0 = Debug|Any CPU
		{4B1D18E0-C8AF-4C2D-B07D-1EF2AFC4BF8D}.Release|Any CPU.ActiveCfg = Release|Any CPU
		{4B1D18E0-C8AF-4C2D-B07D-1EF2AFC4BF8D}.Release|Any CPU.Build.0 = Release|Any CPU
	EndGlobalSection
	GlobalSection(SolutionProperties) = preSolution
		HideSolutionNode = FALSE
	EndGlobalSection
EndGlobal
