
Microsoft Visual Studio Solution File, Format Version 12.00
# Visual Studio Version 17
VisualStudioVersion = 17.8.34112.27
MinimumVisualStudioVersion = 10.0.40219.1
Project("{FAE04EC0-301F-11D3-BF4B-00C04F79EFBC}") = "MergedStylesXamlCError", "MergedStylesXamlCError\MergedStylesXamlCError.csproj", "{30424D14-31C5-4292-87D3-C38BB63B48CB}"
EndProject
Global
	GlobalSection(SolutionConfigurationPlatforms) = preSolution
		Debug|Any CPU = Debug|Any CPU
		Release|Any CPU = Release|Any CPU
	EndGlobalSection
	GlobalSection(ProjectConfigurationPlatforms) = postSolution
		{30424D14-31C5-4292-87D3-C38BB63B48CB}.Debug|Any CPU.ActiveCfg = Debug|Any CPU
		{30424D14-31C5-4292-87D3-C38BB63B48CB}.Debug|Any CPU.Build.0 = Debug|Any CPU
		{30424D14-31C5-4292-87D3-C38BB63B48CB}.Debug|Any CPU.Deploy.0 = Debug|Any CPU
		{30424D14-31C5-4292-87D3-C38BB63B48CB}.Release|Any CPU.ActiveCfg = Release|Any CPU
		{30424D14-31C5-4292-87D3-C38BB63B48CB}.Release|Any CPU.Build.0 = Release|Any CPU
		{30424D14-31C5-4292-87D3-C38BB63B48CB}.Release|Any CPU.Deploy.0 = Release|Any CPU
	EndGlobalSection
	GlobalSection(SolutionProperties) = preSolution
		HideSolutionNode = FALSE
	EndGlobalSection
	GlobalSection(ExtensibilityGlobals) = postSolution
		SolutionGuid = {00181B19-82F1-4FFB-B054-5CD6F04ECB30}
	EndGlobalSection
EndGlobal
