
Microsoft Visual Studio Solution File, Format Version 12.00
# Visual Studio Version 17
VisualStudioVersion = 17.0.31903.59
MinimumVisualStudioVersion = 10.0.40219.1
Project("{FAE04EC0-301F-11D3-BF4B-00C04F79EFBC}") = "XmlApple.iOS", "XmlApple.iOS\XmlApple.iOS.csproj", "{889DBBAB-1DF9-4049-A0E8-D2EF9DC6BAE6}"
EndProject
Project("{FAE04EC0-301F-11D3-BF4B-00C04F79EFBC}") = "XmlApple.Maui", "XmlApple.Maui\XmlApple.Maui.csproj", "{AD9DC3D3-DCDC-41A5-A0B5-99F8C87508E3}"
EndProject
Global
	GlobalSection(SolutionConfigurationPlatforms) = preSolution
		Debug|Any CPU = Debug|Any CPU
		Release|Any CPU = Release|Any CPU
	EndGlobalSection
	GlobalSection(SolutionProperties) = preSolution
		HideSolutionNode = FALSE
	EndGlobalSection
	GlobalSection(ProjectConfigurationPlatforms) = postSolution
		{889DBBAB-1DF9-4049-A0E8-D2EF9DC6BAE6}.Debug|Any CPU.ActiveCfg = Debug|Any CPU
		{889DBBAB-1DF9-4049-A0E8-D2EF9DC6BAE6}.Debug|Any CPU.Build.0 = Debug|Any CPU
		{889DBBAB-1DF9-4049-A0E8-D2EF9DC6BAE6}.Release|Any CPU.ActiveCfg = Release|Any CPU
		{889DBBAB-1DF9-4049-A0E8-D2EF9DC6BAE6}.Release|Any CPU.Build.0 = Release|Any CPU
		{AD9DC3D3-DCDC-41A5-A0B5-99F8C87508E3}.Debug|Any CPU.ActiveCfg = Debug|Any CPU
		{AD9DC3D3-DCDC-41A5-A0B5-99F8C87508E3}.Debug|Any CPU.Build.0 = Debug|Any CPU
		{AD9DC3D3-DCDC-41A5-A0B5-99F8C87508E3}.Release|Any CPU.ActiveCfg = Release|Any CPU
		{AD9DC3D3-DCDC-41A5-A0B5-99F8C87508E3}.Release|Any CPU.Build.0 = Release|Any CPU
	EndGlobalSection
EndGlobal
