
Microsoft Visual Studio Solution File, Format Version 12.00
# Visual Studio Version 17
VisualStudioVersion = 17.5.002.0
MinimumVisualStudioVersion = 10.0.40219.1
Project("{9A19103F-16F7-4668-BE54-9A1E7A4F7556}") = "ListViewMVVM", "ListViewMVVM.csproj", "{F3714D9A-7183-4D03-BD54-6A6C9612B100}"
EndProject
Global
	GlobalSection(SolutionConfigurationPlatforms) = preSolution
		Debug|Any CPU = Debug|Any CPU
		Release|Any CPU = Release|Any CPU
	EndGlobalSection
	GlobalSection(ProjectConfigurationPlatforms) = postSolution
		{F3714D9A-7183-4D03-BD54-6A6C9612B100}.Debug|Any CPU.ActiveCfg = Debug|Any CPU
		{F3714D9A-7183-4D03-BD54-6A6C9612B100}.Debug|Any CPU.Build.0 = Debug|Any CPU
		{F3714D9A-7183-4D03-BD54-6A6C9612B100}.Release|Any CPU.ActiveCfg = Release|Any CPU
		{F3714D9A-7183-4D03-BD54-6A6C9612B100}.Release|Any CPU.Build.0 = Release|Any CPU
	EndGlobalSection
	GlobalSection(SolutionProperties) = preSolution
		HideSolutionNode = FALSE
	EndGlobalSection
	GlobalSection(ExtensibilityGlobals) = postSolution
		SolutionGuid = {F6412EAA-C8BE-4150-A950-42C7CB47C26E}
	EndGlobalSection
EndGlobal
