
Microsoft Visual Studio Solution File, Format Version 12.00
# Visual Studio Version 17
VisualStudioVersion = 17.0.31903.59
MinimumVisualStudioVersion = 10.0.40219.1
Project("{FAE04EC0-301F-11D3-BF4B-00C04F79EFBC}") = "Catalyst", "Catalyst\Catalyst.csproj", "{06809A6E-1C6B-4B43-862F-1D7A62B96ADD}"
EndProject
Project("{FAE04EC0-301F-11D3-BF4B-00C04F79EFBC}") = "MacOSAppKit", "MacOSAppKit\MacOSAppKit.csproj", "{932B4BE0-F5D1-4186-B231-7276DCDC60B2}"
EndProject
Global
	GlobalSection(SolutionConfigurationPlatforms) = preSolution
		Debug|Any CPU = Debug|Any CPU
		Release|Any CPU = Release|Any CPU
	EndGlobalSection
	GlobalSection(SolutionProperties) = preSolution
		HideSolutionNode = FALSE
	EndGlobalSection
	GlobalSection(ProjectConfigurationPlatforms) = postSolution
		{06809A6E-1C6B-4B43-862F-1D7A62B96ADD}.Debug|Any CPU.ActiveCfg = Debug|Any CPU
		{06809A6E-1C6B-4B43-862F-1D7A62B96ADD}.Debug|Any CPU.Build.0 = Debug|Any CPU
		{06809A6E-1C6B-4B43-862F-1D7A62B96ADD}.Release|Any CPU.ActiveCfg = Release|Any CPU
		{06809A6E-1C6B-4B43-862F-1D7A62B96ADD}.Release|Any CPU.Build.0 = Release|Any CPU
		{932B4BE0-F5D1-4186-B231-7276DCDC60B2}.Debug|Any CPU.ActiveCfg = Debug|Any CPU
		{932B4BE0-F5D1-4186-B231-7276DCDC60B2}.Debug|Any CPU.Build.0 = Debug|Any CPU
		{932B4BE0-F5D1-4186-B231-7276DCDC60B2}.Release|Any CPU.ActiveCfg = Release|Any CPU
		{932B4BE0-F5D1-4186-B231-7276DCDC60B2}.Release|Any CPU.Build.0 = Release|Any CPU
	EndGlobalSection
EndGlobal
