
Microsoft Visual Studio Solution File, Format Version 12.00
# Visual Studio Version 17
VisualStudioVersion = 17.9.34310.174
MinimumVisualStudioVersion = 10.0.40219.1
Project("{9A19103F-16F7-4668-BE54-9A1E7A4F7556}") = "Test Maui Library", "Test Maui Library\Test Maui Library.csproj", "{8875ED62-813E-40F5-A8DF-028D4C2F9DE3}"
EndProject
Project("{FAE04EC0-301F-11D3-BF4B-00C04F79EFBC}") = "TestApp", "TestApp\TestApp.csproj", "{EC9322FC-1C08-44E0-B874-2409266BB80D}"
EndProject
Global
	GlobalSection(SolutionConfigurationPlatforms) = preSolution
		Debug|Any CPU = Debug|Any CPU
		Release|Any CPU = Release|Any CPU
	EndGlobalSection
	GlobalSection(ProjectConfigurationPlatforms) = postSolution
		{8875ED62-813E-40F5-A8DF-028D4C2F9DE3}.Debug|Any CPU.ActiveCfg = Debug|Any CPU
		{8875ED62-813E-40F5-A8DF-028D4C2F9DE3}.Debug|Any CPU.Build.0 = Debug|Any CPU
		{8875ED62-813E-40F5-A8DF-028D4C2F9DE3}.Release|Any CPU.ActiveCfg = Release|Any CPU
		{8875ED62-813E-40F5-A8DF-028D4C2F9DE3}.Release|Any CPU.Build.0 = Release|Any CPU
		{EC9322FC-1C08-44E0-B874-2409266BB80D}.Debug|Any CPU.ActiveCfg = Debug|Any CPU
		{EC9322FC-1C08-44E0-B874-2409266BB80D}.Debug|Any CPU.Build.0 = Debug|Any CPU
		{EC9322FC-1C08-44E0-B874-2409266BB80D}.Debug|Any CPU.Deploy.0 = Debug|Any CPU
		{EC9322FC-1C08-44E0-B874-2409266BB80D}.Release|Any CPU.ActiveCfg = Release|Any CPU
		{EC9322FC-1C08-44E0-B874-2409266BB80D}.Release|Any CPU.Build.0 = Release|Any CPU
		{EC9322FC-1C08-44E0-B874-2409266BB80D}.Release|Any CPU.Deploy.0 = Release|Any CPU
	EndGlobalSection
	GlobalSection(SolutionProperties) = preSolution
		HideSolutionNode = FALSE
	EndGlobalSection
	GlobalSection(ExtensibilityGlobals) = postSolution
		SolutionGuid = {6E6B65FB-A975-4729-B37D-CC376AF545C0}
	EndGlobalSection
EndGlobal
