
Microsoft Visual Studio Solution File, Format Version 12.00
# Visual Studio Version 17
VisualStudioVersion = 17.0.31903.59
MinimumVisualStudioVersion = 10.0.40219.1
Project("{FAE04EC0-301F-11D3-BF4B-00C04F79EFBC}") = "TestClientMaui", "TestClientMaui.csproj", "{09F7C89E-CE97-4F94-A5EF-D0D6D4BC5E1C}"
EndProject
Project("{FAE04EC0-301F-11D3-BF4B-00C04F79EFBC}") = "TestClientCore", "..\TestClientCore\TestClientCore.csproj", "{F748C0A8-6873-449F-B3EE-DA5610F3D1D1}"
EndProject
Global
	GlobalSection(SolutionConfigurationPlatforms) = preSolution
		Debug|Any CPU = Debug|Any CPU
		Release|Any CPU = Release|Any CPU
	EndGlobalSection
	GlobalSection(SolutionProperties) = preSolution
		HideSolutionNode = FALSE
	EndGlobalSection
	GlobalSection(ProjectConfigurationPlatforms) = postSolution
		{09F7C89E-CE97-4F94-A5EF-D0D6D4BC5E1C}.Debug|Any CPU.ActiveCfg = Debug|Any CPU
		{09F7C89E-CE97-4F94-A5EF-D0D6D4BC5E1C}.Debug|Any CPU.Build.0 = Debug|Any CPU
		{09F7C89E-CE97-4F94-A5EF-D0D6D4BC5E1C}.Release|Any CPU.ActiveCfg = Release|Any CPU
		{09F7C89E-CE97-4F94-A5EF-D0D6D4BC5E1C}.Release|Any CPU.Build.0 = Release|Any CPU
		{F748C0A8-6873-449F-B3EE-DA5610F3D1D1}.Debug|Any CPU.ActiveCfg = Debug|Any CPU
		{F748C0A8-6873-449F-B3EE-DA5610F3D1D1}.Debug|Any CPU.Build.0 = Debug|Any CPU
		{F748C0A8-6873-449F-B3EE-DA5610F3D1D1}.Release|Any CPU.ActiveCfg = Release|Any CPU
		{F748C0A8-6873-449F-B3EE-DA5610F3D1D1}.Release|Any CPU.Build.0 = Release|Any CPU
	EndGlobalSection
EndGlobal
