
Microsoft Visual Studio Solution File, Format Version 12.00
# Visual Studio Version 17
VisualStudioVersion = 17.0.31903.59
MinimumVisualStudioVersion = 10.0.40219.1
Project("{FAE04EC0-301F-11D3-BF4B-00C04F79EFBC}") = "SelfSignedCertTestMaui", "SelfSignedCertTestMaui\SelfSignedCertTestMaui.csproj", "{8D5CAC1D-9D0D-40E0-BE27-DEFE3DA0B74D}"
EndProject
Project("{FAE04EC0-301F-11D3-BF4B-00C04F79EFBC}") = "SelfSignedCertTestStandard", "SelfSignedCertTestStandard\SelfSignedCertTestStandard.csproj", "{A0E6BF4B-194E-4FDD-9A90-A94A358275E7}"
EndProject
Global
	GlobalSection(SolutionConfigurationPlatforms) = preSolution
		Debug|Any CPU = Debug|Any CPU
		Release|Any CPU = Release|Any CPU
	EndGlobalSection
	GlobalSection(SolutionProperties) = preSolution
		HideSolutionNode = FALSE
	EndGlobalSection
	GlobalSection(ProjectConfigurationPlatforms) = postSolution
		{8D5CAC1D-9D0D-40E0-BE27-DEFE3DA0B74D}.Debug|Any CPU.ActiveCfg = Debug|Any CPU
		{8D5CAC1D-9D0D-40E0-BE27-DEFE3DA0B74D}.Debug|Any CPU.Build.0 = Debug|Any CPU
		{8D5CAC1D-9D0D-40E0-BE27-DEFE3DA0B74D}.Release|Any CPU.ActiveCfg = Release|Any CPU
		{8D5CAC1D-9D0D-40E0-BE27-DEFE3DA0B74D}.Release|Any CPU.Build.0 = Release|Any CPU
		{A0E6BF4B-194E-4FDD-9A90-A94A358275E7}.Debug|Any CPU.ActiveCfg = Debug|Any CPU
		{A0E6BF4B-194E-4FDD-9A90-A94A358275E7}.Debug|Any CPU.Build.0 = Debug|Any CPU
		{A0E6BF4B-194E-4FDD-9A90-A94A358275E7}.Release|Any CPU.ActiveCfg = Release|Any CPU
		{A0E6BF4B-194E-4FDD-9A90-A94A358275E7}.Release|Any CPU.Build.0 = Release|Any CPU
	EndGlobalSection
EndGlobal
