
Microsoft Visual Studio Solution File, Format Version 12.00
# Visual Studio Version 17
VisualStudioVersion = 17.8.34024.363
MinimumVisualStudioVersion = 10.0.40219.1
Project("{9A19103F-16F7-4668-BE54-9A1E7A4F7556}") = "ListViewMaui8", "ListViewMaui8.csproj", "{1A8518B5-28B3-48BE-9CD7-B594C8E6795A}"
EndProject
Global
	GlobalSection(SolutionConfigurationPlatforms) = preSolution
		Debug|Any CPU = Debug|Any CPU
		Release|Any CPU = Release|Any CPU
	EndGlobalSection
	GlobalSection(ProjectConfigurationPlatforms) = postSolution
		{1A8518B5-28B3-48BE-9CD7-B594C8E6795A}.Debug|Any CPU.ActiveCfg = Debug|Any CPU
		{1A8518B5-28B3-48BE-9CD7-B594C8E6795A}.Debug|Any CPU.Build.0 = Debug|Any CPU
		{1A8518B5-28B3-48BE-9CD7-B594C8E6795A}.Debug|Any CPU.Deploy.0 = Debug|Any CPU
		{1A8518B5-28B3-48BE-9CD7-B594C8E6795A}.Release|Any CPU.ActiveCfg = Release|Any CPU
		{1A8518B5-28B3-48BE-9CD7-B594C8E6795A}.Release|Any CPU.Build.0 = Release|Any CPU
		{1A8518B5-28B3-48BE-9CD7-B594C8E6795A}.Release|Any CPU.Deploy.0 = Release|Any CPU
	EndGlobalSection
	GlobalSection(SolutionProperties) = preSolution
		HideSolutionNode = FALSE
	EndGlobalSection
	GlobalSection(ExtensibilityGlobals) = postSolution
		SolutionGuid = {7D85B3BC-AC7B-4A88-972A-C3C5AC3BC40E}
	EndGlobalSection
EndGlobal
