
Microsoft Visual Studio Solution File, Format Version 12.00
# Visual Studio Version 17
VisualStudioVersion = 17.8.34219.65
MinimumVisualStudioVersion = 10.0.40219.1
Project("{FAE04EC0-301F-11D3-BF4B-00C04F79EFBC}") = "ListViewAutoNetSeven", "ListViewAutoNetSeven\ListViewAutoNetSeven.csproj", "{99676352-6E7C-4959-9305-738938E1331A}"
EndProject
Global
	GlobalSection(SolutionConfigurationPlatforms) = preSolution
		Debug|Any CPU = Debug|Any CPU
		Release|Any CPU = Release|Any CPU
	EndGlobalSection
	GlobalSection(ProjectConfigurationPlatforms) = postSolution
		{99676352-6E7C-4959-9305-738938E1331A}.Debug|Any CPU.ActiveCfg = Debug|Any CPU
		{99676352-6E7C-4959-9305-738938E1331A}.Debug|Any CPU.Build.0 = Debug|Any CPU
		{99676352-6E7C-4959-9305-738938E1331A}.Debug|Any CPU.Deploy.0 = Debug|Any CPU
		{99676352-6E7C-4959-9305-738938E1331A}.Release|Any CPU.ActiveCfg = Release|Any CPU
		{99676352-6E7C-4959-9305-738938E1331A}.Release|Any CPU.Build.0 = Release|Any CPU
		{99676352-6E7C-4959-9305-738938E1331A}.Release|Any CPU.Deploy.0 = Release|Any CPU
	EndGlobalSection
	GlobalSection(SolutionProperties) = preSolution
		HideSolutionNode = FALSE
	EndGlobalSection
	GlobalSection(ExtensibilityGlobals) = postSolution
		SolutionGuid = {E729BB43-73AE-4961-A7AA-4CB030EAB3B2}
	EndGlobalSection
EndGlobal
